
Microsoft Visual Studio Solution File, Format Version 12.00
# Visual Studio Version 17
VisualStudioVersion = 17.5.002.0
MinimumVisualStudioVersion = 10.0.40219.1
Project("{9A19103F-16F7-4668-BE54-9A1E7A4F7556}") = "url-shortener.api", "url-shortener.api\url-shortener.api.csproj", "{59966369-1A32-4AA1-A8D0-E4FCD184ECC1}"
EndProject
Project("{FAE04EC0-301F-11D3-BF4B-00C04F79EFBC}") = "url-shortener.infrastructure", "url-shortener.infrastructure\url-shortener.infrastructure.csproj", "{66E4FBA0-CF2E-457C-9221-87B91C9E5B2F}"
EndProject
Project("{FAE04EC0-301F-11D3-BF4B-00C04F79EFBC}") = "url-shortener.application", "url-shortener.core\url-shortener.application.csproj", "{60E71498-C071-476E-AD6F-4786F217E000}"
EndProject
Global
	GlobalSection(SolutionConfigurationPlatforms) = preSolution
		Debug|Any CPU = Debug|Any CPU
		Release|Any CPU = Release|Any CPU
	EndGlobalSection
	GlobalSection(ProjectConfigurationPlatforms) = postSolution
		{59966369-1A32-4AA1-A8D0-E4FCD184ECC1}.Debug|Any CPU.ActiveCfg = Debug|Any CPU
		{59966369-1A32-4AA1-A8D0-E4FCD184ECC1}.Debug|Any CPU.Build.0 = Debug|Any CPU
		{59966369-1A32-4AA1-A8D0-E4FCD184ECC1}.Release|Any CPU.ActiveCfg = Release|Any CPU
		{59966369-1A32-4AA1-A8D0-E4FCD184ECC1}.Release|Any CPU.Build.0 = Release|Any CPU
		{66E4FBA0-CF2E-457C-9221-87B91C9E5B2F}.Debug|Any CPU.ActiveCfg = Debug|Any CPU
		{66E4FBA0-CF2E-457C-9221-87B91C9E5B2F}.Debug|Any CPU.Build.0 = Debug|Any CPU
		{66E4FBA0-CF2E-457C-9221-87B91C9E5B2F}.Release|Any CPU.ActiveCfg = Release|Any CPU
		{66E4FBA0-CF2E-457C-9221-87B91C9E5B2F}.Release|Any CPU.Build.0 = Release|Any CPU
		{60E71498-C071-476E-AD6F-4786F217E000}.Debug|Any CPU.ActiveCfg = Debug|Any CPU
		{60E71498-C071-476E-AD6F-4786F217E000}.Debug|Any CPU.Build.0 = Debug|Any CPU
		{60E71498-C071-476E-AD6F-4786F217E000}.Release|Any CPU.ActiveCfg = Release|Any CPU
		{60E71498-C071-476E-AD6F-4786F217E000}.Release|Any CPU.Build.0 = Release|Any CPU
	EndGlobalSection
	GlobalSection(SolutionProperties) = preSolution
		HideSolutionNode = FALSE
	EndGlobalSection
	GlobalSection(ExtensibilityGlobals) = postSolution
		SolutionGuid = {9BBBC32F-BBE6-424D-81BC-2673BEEDB577}
	EndGlobalSection
EndGlobal
